
Microsoft Visual Studio Solution File, Format Version 12.00
Project("{FAE04EC0-301F-11D3-BF4B-00C04F79EFBC}") = "Scheduler", "Scheduler\Scheduler.csproj", "{872E94EB-7164-48A9-A735-C503390C3C3C}"
EndProject
Global
	GlobalSection(SolutionConfigurationPlatforms) = preSolution
		Debug|Any CPU = Debug|Any CPU
		Release|Any CPU = Release|Any CPU
	EndGlobalSection
	GlobalSection(ProjectConfigurationPlatforms) = postSolution
		{872E94EB-7164-48A9-A735-C503390C3C3C}.Debug|Any CPU.ActiveCfg = Debug|Any CPU
		{872E94EB-7164-48A9-A735-C503390C3C3C}.Debug|Any CPU.Build.0 = Debug|Any CPU
		{872E94EB-7164-48A9-A735-C503390C3C3C}.Release|Any CPU.ActiveCfg = Release|Any CPU
		{872E94EB-7164-48A9-A735-C503390C3C3C}.Release|Any CPU.Build.0 = Release|Any CPU
	EndGlobalSection
EndGlobal
